
Microsoft Visual Studio Solution File, Format Version 12.00
# Visual Studio 15
VisualStudioVersion = 15.0.27130.2036
MinimumVisualStudioVersion = 10.0.40219.1
Project("{FAE04EC0-301F-11D3-BF4B-00C04F79EFBC}") = "CriarCapturaWebCam", "CriarCapturaWebCam\CriarCapturaWebCam.csproj", "{C3EC553D-7224-431C-A7CB-3C2711CE189D}"
EndProject
Project("{FAE04EC0-301F-11D3-BF4B-00C04F79EFBC}") = "ReconhecerFace", "ReconhecerFace\ReconhecerFace.csproj", "{4DD70835-316E-4B1E-9681-AABAD984FEB5}"
EndProject
Global
	GlobalSection(SolutionConfigurationPlatforms) = preSolution
		Debug|Any CPU = Debug|Any CPU
		Release|Any CPU = Release|Any CPU
	EndGlobalSection
	GlobalSection(ProjectConfigurationPlatforms) = postSolution
		{C3EC553D-7224-431C-A7CB-3C2711CE189D}.Debug|Any CPU.ActiveCfg = Debug|Any CPU
		{C3EC553D-7224-431C-A7CB-3C2711CE189D}.Debug|Any CPU.Build.0 = Debug|Any CPU
		{C3EC553D-7224-431C-A7CB-3C2711CE189D}.Release|Any CPU.ActiveCfg = Release|Any CPU
		{C3EC553D-7224-431C-A7CB-3C2711CE189D}.Release|Any CPU.Build.0 = Release|Any CPU
		{4DD70835-316E-4B1E-9681-AABAD984FEB5}.Debug|Any CPU.ActiveCfg = Debug|Any CPU
		{4DD70835-316E-4B1E-9681-AABAD984FEB5}.Debug|Any CPU.Build.0 = Debug|Any CPU
		{4DD70835-316E-4B1E-9681-AABAD984FEB5}.Release|Any CPU.ActiveCfg = Release|Any CPU
		{4DD70835-316E-4B1E-9681-AABAD984FEB5}.Release|Any CPU.Build.0 = Release|Any CPU
	EndGlobalSection
	GlobalSection(SolutionProperties) = preSolution
		HideSolutionNode = FALSE
	EndGlobalSection
	GlobalSection(ExtensibilityGlobals) = postSolution
		SolutionGuid = {32D53475-0907-430D-96BA-91599C926F24}
	EndGlobalSection
EndGlobal
